{
  "name": "@ktav-lang/spec",
  "version": "0.1.0",
  "lockfileVersion": 3,
  "requires": true,
  "packages": {
    "": {
      "name": "@ktav-lang/spec",
      "version": "0.1.0",
      "dependencies": {
        "@ktav-lang/polydoc": "0.1.0"
      }
    },
    "node_modules/@ktav-lang/polydoc": {
      "version": "0.1.0",
      "resolved": "https://registry.npmjs.org/@ktav-lang/polydoc/-/polydoc-0.1.0.tgz",
      "integrity": "sha512-1AlbjAKSXuDRYVk30QF+qfYP5jbF5yN6BQcZGLmrfixYit2XQtMwX5Vr8K47dEKHdPxHkTJ1xjNZVHqq+lbkCg==",
      "license": "MIT OR Apache-2.0",
      "engines": {
        "node": ">=24"
      }
    }
  }
}
